<?xml version="1.0" encoding="UTF-8"?>
<CodeBlocks_project_file>
	<FileVersion major="1" minor="6"/>
	<Project>
		<Option title="ACA_Project"/>
		<Option makefile_is_custom="1"/>
		<Option compiler="gcc"/>
		<Option virtualFolders="CMake Files\;"/>
		<Build>
			<Target title="all">
				<Option working_dir="/home/ccrowe/ACA_Project"/>
				<Option type="4"/>
				<MakeCommands>
					<Build command="/usr/bin/make -f &quot;/home/ccrowe/ACA_Project/Makefile&quot;  VERBOSE=1 all"/>
					<CompileFile command="/usr/bin/make -f &quot;/home/ccrowe/ACA_Project/Makefile&quot;  VERBOSE=1 &quot;$file&quot;"/>
					<Clean command="/usr/bin/make -f &quot;/home/ccrowe/ACA_Project/Makefile&quot;  VERBOSE=1 clean"/>
					<DistClean command="/usr/bin/make -f &quot;/home/ccrowe/ACA_Project/Makefile&quot;  VERBOSE=1 clean"/>
				</MakeCommands>
			</Target>
			<Target title="rebuild_cache">
				<Option working_dir="/home/ccrowe/ACA_Project"/>
				<Option type="4"/>
				<MakeCommands>
					<Build command="/usr/bin/make -f &quot;/home/ccrowe/ACA_Project/Makefile&quot;  VERBOSE=1 rebuild_cache"/>
					<CompileFile command="/usr/bin/make -f &quot;/home/ccrowe/ACA_Project/Makefile&quot;  VERBOSE=1 &quot;$file&quot;"/>
					<Clean command="/usr/bin/make -f &quot;/home/ccrowe/ACA_Project/Makefile&quot;  VERBOSE=1 clean"/>
					<DistClean command="/usr/bin/make -f &quot;/home/ccrowe/ACA_Project/Makefile&quot;  VERBOSE=1 clean"/>
				</MakeCommands>
			</Target>
			<Target title="edit_cache">
				<Option working_dir="/home/ccrowe/ACA_Project"/>
				<Option type="4"/>
				<MakeCommands>
					<Build command="/usr/bin/make -f &quot;/home/ccrowe/ACA_Project/Makefile&quot;  VERBOSE=1 edit_cache"/>
					<CompileFile command="/usr/bin/make -f &quot;/home/ccrowe/ACA_Project/Makefile&quot;  VERBOSE=1 &quot;$file&quot;"/>
					<Clean command="/usr/bin/make -f &quot;/home/ccrowe/ACA_Project/Makefile&quot;  VERBOSE=1 clean"/>
					<DistClean command="/usr/bin/make -f &quot;/home/ccrowe/ACA_Project/Makefile&quot;  VERBOSE=1 clean"/>
				</MakeCommands>
			</Target>
			<Target title="ACA_Project2">
				<Option output="/home/ccrowe/ACA_Project/ACA_Project2" prefix_auto="0" extension_auto="0"/>
				<Option working_dir="/home/ccrowe/ACA_Project"/>
				<Option object_output="./"/>
				<Option type="1"/>
				<Option compiler="gcc"/>
				<Compiler>
					<Add directory="/home/ccrowe/ACA_Project/."/>
					<Add directory="/home/ccrowe/ACA_Project/uthash_files/include"/>
					<Add directory="/usr/include/c++/6"/>
					<Add directory="/usr/include/x86_64-linux-gnu/c++/6"/>
					<Add directory="/usr/include/c++/6/backward"/>
					<Add directory="/usr/lib/gcc/x86_64-linux-gnu/6/include"/>
					<Add directory="/usr/local/include"/>
					<Add directory="/usr/lib/gcc/x86_64-linux-gnu/6/include-fixed"/>
					<Add directory="/usr/include/x86_64-linux-gnu"/>
					<Add directory="/usr/include"/>
				</Compiler>
				<MakeCommands>
					<Build command="/usr/bin/make -f &quot;/home/ccrowe/ACA_Project/Makefile&quot;  VERBOSE=1 ACA_Project2"/>
					<CompileFile command="/usr/bin/make -f &quot;/home/ccrowe/ACA_Project/Makefile&quot;  VERBOSE=1 &quot;$file&quot;"/>
					<Clean command="/usr/bin/make -f &quot;/home/ccrowe/ACA_Project/Makefile&quot;  VERBOSE=1 clean"/>
					<DistClean command="/usr/bin/make -f &quot;/home/ccrowe/ACA_Project/Makefile&quot;  VERBOSE=1 clean"/>
				</MakeCommands>
			</Target>
			<Target title="ACA_Project2/fast">
				<Option output="/home/ccrowe/ACA_Project/ACA_Project2" prefix_auto="0" extension_auto="0"/>
				<Option working_dir="/home/ccrowe/ACA_Project"/>
				<Option object_output="./"/>
				<Option type="1"/>
				<Option compiler="gcc"/>
				<Compiler>
					<Add directory="/home/ccrowe/ACA_Project/."/>
					<Add directory="/home/ccrowe/ACA_Project/uthash_files/include"/>
					<Add directory="/usr/include/c++/6"/>
					<Add directory="/usr/include/x86_64-linux-gnu/c++/6"/>
					<Add directory="/usr/include/c++/6/backward"/>
					<Add directory="/usr/lib/gcc/x86_64-linux-gnu/6/include"/>
					<Add directory="/usr/local/include"/>
					<Add directory="/usr/lib/gcc/x86_64-linux-gnu/6/include-fixed"/>
					<Add directory="/usr/include/x86_64-linux-gnu"/>
					<Add directory="/usr/include"/>
				</Compiler>
				<MakeCommands>
					<Build command="/usr/bin/make -f &quot;/home/ccrowe/ACA_Project/Makefile&quot;  VERBOSE=1 ACA_Project2/fast"/>
					<CompileFile command="/usr/bin/make -f &quot;/home/ccrowe/ACA_Project/Makefile&quot;  VERBOSE=1 &quot;$file&quot;"/>
					<Clean command="/usr/bin/make -f &quot;/home/ccrowe/ACA_Project/Makefile&quot;  VERBOSE=1 clean"/>
					<DistClean command="/usr/bin/make -f &quot;/home/ccrowe/ACA_Project/Makefile&quot;  VERBOSE=1 clean"/>
				</MakeCommands>
			</Target>
		</Build>
		<Unit filename="/home/ccrowe/ACA_Project/Address/Address.c">
			<Option target="ACA_Project2"/>
		</Unit>
		<Unit filename="/home/ccrowe/ACA_Project/Address/Address.h">
			<Option target="ACA_Project2"/>
		</Unit>
		<Unit filename="/home/ccrowe/ACA_Project/Block/Block.c">
			<Option target="ACA_Project2"/>
		</Unit>
		<Unit filename="/home/ccrowe/ACA_Project/Block/Block.h">
			<Option target="ACA_Project2"/>
		</Unit>
		<Unit filename="/home/ccrowe/ACA_Project/BlockOnBus/BlockOnBus.c">
			<Option target="ACA_Project2"/>
		</Unit>
		<Unit filename="/home/ccrowe/ACA_Project/BlockOnBus/BlockOnBus.h">
			<Option target="ACA_Project2"/>
		</Unit>
		<Unit filename="/home/ccrowe/ACA_Project/BlockTransferer/BlockTransferer.c">
			<Option target="ACA_Project2"/>
		</Unit>
		<Unit filename="/home/ccrowe/ACA_Project/BlockTransferer/BlockTransferer.h">
			<Option target="ACA_Project2"/>
		</Unit>
		<Unit filename="/home/ccrowe/ACA_Project/Block_Queue/Block_Queue.c">
			<Option target="ACA_Project2"/>
		</Unit>
		<Unit filename="/home/ccrowe/ACA_Project/Block_Queue/Block_Queue.h">
			<Option target="ACA_Project2"/>
		</Unit>
		<Unit filename="/home/ccrowe/ACA_Project/Buffers/buffers.c">
			<Option target="ACA_Project2"/>
		</Unit>
		<Unit filename="/home/ccrowe/ACA_Project/Buffers/buffers.h">
			<Option target="ACA_Project2"/>
		</Unit>
		<Unit filename="/home/ccrowe/ACA_Project/Cache/Cache.c">
			<Option target="ACA_Project2"/>
		</Unit>
		<Unit filename="/home/ccrowe/ACA_Project/Cache/Cache.h">
			<Option target="ACA_Project2"/>
		</Unit>
		<Unit filename="/home/ccrowe/ACA_Project/CacheLine/CacheLine.c">
			<Option target="ACA_Project2"/>
		</Unit>
		<Unit filename="/home/ccrowe/ACA_Project/CacheLine/CacheLine.h">
			<Option target="ACA_Project2"/>
		</Unit>
		<Unit filename="/home/ccrowe/ACA_Project/Controller/Controller.c">
			<Option target="ACA_Project2"/>
		</Unit>
		<Unit filename="/home/ccrowe/ACA_Project/Controller/Controller.h">
			<Option target="ACA_Project2"/>
		</Unit>
		<Unit filename="/home/ccrowe/ACA_Project/DRAM/DRAM.c">
			<Option target="ACA_Project2"/>
		</Unit>
		<Unit filename="/home/ccrowe/ACA_Project/DRAM/DRAM.h">
			<Option target="ACA_Project2"/>
		</Unit>
		<Unit filename="/home/ccrowe/ACA_Project/Data/DataStore.c">
			<Option target="ACA_Project2"/>
		</Unit>
		<Unit filename="/home/ccrowe/ACA_Project/Data/DataStore.h">
			<Option target="ACA_Project2"/>
		</Unit>
		<Unit filename="/home/ccrowe/ACA_Project/Data_Structure_Examples/Block/Block_CacheLine_HashTable_Examples.c">
			<Option target="ACA_Project2"/>
		</Unit>
		<Unit filename="/home/ccrowe/ACA_Project/Data_Structure_Examples/Block/Block_CacheLine_HashTable_Examples.h">
			<Option target="ACA_Project2"/>
		</Unit>
		<Unit filename="/home/ccrowe/ACA_Project/Data_Structure_Examples/BlockTransferer/BlockTransferer_Examples.c">
			<Option target="ACA_Project2"/>
		</Unit>
		<Unit filename="/home/ccrowe/ACA_Project/Data_Structure_Examples/BlockTransferer/BlockTransferer_Examples.h">
			<Option target="ACA_Project2"/>
		</Unit>
		<Unit filename="/home/ccrowe/ACA_Project/Data_Structure_Examples/DRAM/DRAM_Examples.c">
			<Option target="ACA_Project2"/>
		</Unit>
		<Unit filename="/home/ccrowe/ACA_Project/Data_Structure_Examples/DRAM/DRAM_Examples.h">
			<Option target="ACA_Project2"/>
		</Unit>
		<Unit filename="/home/ccrowe/ACA_Project/Data_Structure_Examples/DataStore/DataStore_Examples.c">
			<Option target="ACA_Project2"/>
		</Unit>
		<Unit filename="/home/ccrowe/ACA_Project/Data_Structure_Examples/DataStore/DataStore_Examples.h">
			<Option target="ACA_Project2"/>
		</Unit>
		<Unit filename="/home/ccrowe/ACA_Project/Data_Structure_Examples/Queue/Queue_the_examples.c">
			<Option target="ACA_Project2"/>
		</Unit>
		<Unit filename="/home/ccrowe/ACA_Project/Data_Structure_Examples/Queue/Queue_the_examples.h">
			<Option target="ACA_Project2"/>
		</Unit>
		<Unit filename="/home/ccrowe/ACA_Project/Data_Structure_Examples/Set/Set_and_Block_Examples.c">
			<Option target="ACA_Project2"/>
		</Unit>
		<Unit filename="/home/ccrowe/ACA_Project/Data_Structure_Examples/Set/Set_and_Block_Examples.h">
			<Option target="ACA_Project2"/>
		</Unit>
		<Unit filename="/home/ccrowe/ACA_Project/Global_Variables.h">
			<Option target="ACA_Project2"/>
		</Unit>
		<Unit filename="/home/ccrowe/ACA_Project/Instruction/Instruction.c">
			<Option target="ACA_Project2"/>
		</Unit>
		<Unit filename="/home/ccrowe/ACA_Project/Instruction/Instruction.h">
			<Option target="ACA_Project2"/>
		</Unit>
		<Unit filename="/home/ccrowe/ACA_Project/L1_Cache.h">
			<Option target="ACA_Project2"/>
		</Unit>
		<Unit filename="/home/ccrowe/ACA_Project/Processor/processor.c">
			<Option target="ACA_Project2"/>
		</Unit>
		<Unit filename="/home/ccrowe/ACA_Project/Processor/processor.h">
			<Option target="ACA_Project2"/>
		</Unit>
		<Unit filename="/home/ccrowe/ACA_Project/Queue/Queue.c">
			<Option target="ACA_Project2"/>
		</Unit>
		<Unit filename="/home/ccrowe/ACA_Project/Queue/Queue.h">
			<Option target="ACA_Project2"/>
		</Unit>
		<Unit filename="/home/ccrowe/ACA_Project/Set/Set.c">
			<Option target="ACA_Project2"/>
		</Unit>
		<Unit filename="/home/ccrowe/ACA_Project/Set/Set.h">
			<Option target="ACA_Project2"/>
		</Unit>
		<Unit filename="/home/ccrowe/ACA_Project/main.c">
			<Option target="ACA_Project2"/>
		</Unit>
		<Unit filename="/home/ccrowe/ACA_Project/CMakeLists.txt">
			<Option virtualFolder="CMake Files\"/>
		</Unit>
	</Project>
</CodeBlocks_project_file>
